
Microsoft Visual Studio Solution File, Format Version 12.00
# Visual Studio Version 16
VisualStudioVersion = 16.0.810.16
MinimumVisualStudioVersion = 10.0.40219.1
Project("{FAE04EC0-301F-11D3-BF4B-00C04F79EFBC}") = "BasketballCrudAPI", "BasketballCrudAPI.csproj", "{B1C072BF-430C-4F8C-BD14-14804608EDFD}"
EndProject
Global
	GlobalSection(SolutionConfigurationPlatforms) = preSolution
		Debug|Any CPU = Debug|Any CPU
		Release|Any CPU = Release|Any CPU
	EndGlobalSection
	GlobalSection(ProjectConfigurationPlatforms) = postSolution
		{B1C072BF-430C-4F8C-BD14-14804608EDFD}.Debug|Any CPU.ActiveCfg = Debug|Any CPU
		{B1C072BF-430C-4F8C-BD14-14804608EDFD}.Debug|Any CPU.Build.0 = Debug|Any CPU
		{B1C072BF-430C-4F8C-BD14-14804608EDFD}.Release|Any CPU.ActiveCfg = Release|Any CPU
		{B1C072BF-430C-4F8C-BD14-14804608EDFD}.Release|Any CPU.Build.0 = Release|Any CPU
	EndGlobalSection
	GlobalSection(SolutionProperties) = preSolution
		HideSolutionNode = FALSE
	EndGlobalSection
	GlobalSection(ExtensibilityGlobals) = postSolution
		SolutionGuid = {47AA5D94-57C3-4DF0-8D57-74293AB9476A}
	EndGlobalSection
EndGlobal
